
Microsoft Visual Studio Solution File, Format Version 11.00
# Visual Studio 2010
Project("{2150E333-8FDC-42A3-9474-1A3956D46DE8}") = "base", "base", "{84D7C4B2-D179-4E30-B17C-F7190FFB2C98}"
EndProject
Project("{2150E333-8FDC-42A3-9474-1A3956D46DE8}") = "plugins", "plugins", "{BDD04033-5ED7-4855-A637-983B41B5788A}"
EndProject
Project("{2150E333-8FDC-42A3-9474-1A3956D46DE8}") = "app", "app", "{57FE240B-1D07-401C-9EDC-E986D643D736}"
EndProject
Project("{8BC9CEB8-8B4A-11D0-8D11-00A0C91BC942}") = "Component", "base\Component\Component.vcxproj", "{D55D8F6D-D71F-411A-B5ED-4F6488DADA18}"
EndProject
Project("{8BC9CEB8-8B4A-11D0-8D11-00A0C91BC942}") = "Dem", "base\Dem\Dem.vcxproj", "{1F47BDC4-B443-49D3-85CF-32670B9B8970}"
EndProject
Project("{8BC9CEB8-8B4A-11D0-8D11-00A0C91BC942}") = "intersection", "base\intersection\intersection.vcxproj", "{AEA518FD-B662-4230-88EF-229F2C7450ED}"
EndProject
Project("{8BC9CEB8-8B4A-11D0-8D11-00A0C91BC942}") = "DrawEditor", "plugins\DrawEditor\DrawEditor.vcxproj", "{3DF558BC-D67D-4268-ADD6-D1E1981D9FBE}"
	ProjectSection(ProjectDependencies) = postProject
		{D55D8F6D-D71F-411A-B5ED-4F6488DADA18} = {D55D8F6D-D71F-411A-B5ED-4F6488DADA18}
	EndProjectSection
EndProject
Project("{8BC9CEB8-8B4A-11D0-8D11-00A0C91BC942}") = "Map2D", "plugins\Map2D\Map2D.vcxproj", "{7A3B2CB4-A6A7-462B-BE29-50BE6CA439BE}"
	ProjectSection(ProjectDependencies) = postProject
		{D55D8F6D-D71F-411A-B5ED-4F6488DADA18} = {D55D8F6D-D71F-411A-B5ED-4F6488DADA18}
	EndProjectSection
EndProject
Project("{8BC9CEB8-8B4A-11D0-8D11-00A0C91BC942}") = "Map3D", "plugins\Map3D\Map3D.vcxproj", "{2385447A-ECE3-4D0F-82DE-74C42F06FDC2}"
	ProjectSection(ProjectDependencies) = postProject
		{D55D8F6D-D71F-411A-B5ED-4F6488DADA18} = {D55D8F6D-D71F-411A-B5ED-4F6488DADA18}
	EndProjectSection
EndProject
Project("{8BC9CEB8-8B4A-11D0-8D11-00A0C91BC942}") = "Runner", "apps\Runner\Runner.vcxproj", "{1C23669C-A345-445D-97BD-E2C6EF787FF3}"
	ProjectSection(ProjectDependencies) = postProject
		{D55D8F6D-D71F-411A-B5ED-4F6488DADA18} = {D55D8F6D-D71F-411A-B5ED-4F6488DADA18}
	EndProjectSection
EndProject
Project("{8BC9CEB8-8B4A-11D0-8D11-00A0C91BC942}") = "tt", "apps\tt\tt.vcxproj", "{AE94C184-64E0-4197-BC81-3B1B0821AD93}"
EndProject
Global
	GlobalSection(SolutionConfigurationPlatforms) = preSolution
		Debug|Win32 = Debug|Win32
		Release|Win32 = Release|Win32
	EndGlobalSection
	GlobalSection(ProjectConfigurationPlatforms) = postSolution
		{D55D8F6D-D71F-411A-B5ED-4F6488DADA18}.Debug|Win32.ActiveCfg = Debug|Win32
		{D55D8F6D-D71F-411A-B5ED-4F6488DADA18}.Debug|Win32.Build.0 = Debug|Win32
		{D55D8F6D-D71F-411A-B5ED-4F6488DADA18}.Release|Win32.ActiveCfg = Release|Win32
		{D55D8F6D-D71F-411A-B5ED-4F6488DADA18}.Release|Win32.Build.0 = Release|Win32
		{1F47BDC4-B443-49D3-85CF-32670B9B8970}.Debug|Win32.ActiveCfg = Debug|Win32
		{1F47BDC4-B443-49D3-85CF-32670B9B8970}.Debug|Win32.Build.0 = Debug|Win32
		{1F47BDC4-B443-49D3-85CF-32670B9B8970}.Release|Win32.ActiveCfg = Release|Win32
		{1F47BDC4-B443-49D3-85CF-32670B9B8970}.Release|Win32.Build.0 = Release|Win32
		{AEA518FD-B662-4230-88EF-229F2C7450ED}.Debug|Win32.ActiveCfg = Debug|Win32
		{AEA518FD-B662-4230-88EF-229F2C7450ED}.Debug|Win32.Build.0 = Debug|Win32
		{AEA518FD-B662-4230-88EF-229F2C7450ED}.Release|Win32.ActiveCfg = Release|Win32
		{AEA518FD-B662-4230-88EF-229F2C7450ED}.Release|Win32.Build.0 = Release|Win32
		{3DF558BC-D67D-4268-ADD6-D1E1981D9FBE}.Debug|Win32.ActiveCfg = Debug|Win32
		{3DF558BC-D67D-4268-ADD6-D1E1981D9FBE}.Debug|Win32.Build.0 = Debug|Win32
		{3DF558BC-D67D-4268-ADD6-D1E1981D9FBE}.Release|Win32.ActiveCfg = Release|Win32
		{3DF558BC-D67D-4268-ADD6-D1E1981D9FBE}.Release|Win32.Build.0 = Release|Win32
		{7A3B2CB4-A6A7-462B-BE29-50BE6CA439BE}.Debug|Win32.ActiveCfg = Debug|Win32
		{7A3B2CB4-A6A7-462B-BE29-50BE6CA439BE}.Debug|Win32.Build.0 = Debug|Win32
		{7A3B2CB4-A6A7-462B-BE29-50BE6CA439BE}.Release|Win32.ActiveCfg = Release|Win32
		{7A3B2CB4-A6A7-462B-BE29-50BE6CA439BE}.Release|Win32.Build.0 = Release|Win32
		{2385447A-ECE3-4D0F-82DE-74C42F06FDC2}.Debug|Win32.ActiveCfg = Debug|Win32
		{2385447A-ECE3-4D0F-82DE-74C42F06FDC2}.Debug|Win32.Build.0 = Debug|Win32
		{2385447A-ECE3-4D0F-82DE-74C42F06FDC2}.Release|Win32.ActiveCfg = Release|Win32
		{2385447A-ECE3-4D0F-82DE-74C42F06FDC2}.Release|Win32.Build.0 = Release|Win32
		{1C23669C-A345-445D-97BD-E2C6EF787FF3}.Debug|Win32.ActiveCfg = Debug|Win32
		{1C23669C-A345-445D-97BD-E2C6EF787FF3}.Debug|Win32.Build.0 = Debug|Win32
		{1C23669C-A345-445D-97BD-E2C6EF787FF3}.Release|Win32.ActiveCfg = Release|Win32
		{1C23669C-A345-445D-97BD-E2C6EF787FF3}.Release|Win32.Build.0 = Release|Win32
		{AE94C184-64E0-4197-BC81-3B1B0821AD93}.Debug|Win32.ActiveCfg = Debug|Win32
		{AE94C184-64E0-4197-BC81-3B1B0821AD93}.Debug|Win32.Build.0 = Debug|Win32
		{AE94C184-64E0-4197-BC81-3B1B0821AD93}.Release|Win32.ActiveCfg = Release|Win32
		{AE94C184-64E0-4197-BC81-3B1B0821AD93}.Release|Win32.Build.0 = Release|Win32
	EndGlobalSection
	GlobalSection(SolutionProperties) = preSolution
		HideSolutionNode = FALSE
	EndGlobalSection
	GlobalSection(NestedProjects) = preSolution
		{D55D8F6D-D71F-411A-B5ED-4F6488DADA18} = {84D7C4B2-D179-4E30-B17C-F7190FFB2C98}
		{1F47BDC4-B443-49D3-85CF-32670B9B8970} = {84D7C4B2-D179-4E30-B17C-F7190FFB2C98}
		{AEA518FD-B662-4230-88EF-229F2C7450ED} = {84D7C4B2-D179-4E30-B17C-F7190FFB2C98}
		{3DF558BC-D67D-4268-ADD6-D1E1981D9FBE} = {BDD04033-5ED7-4855-A637-983B41B5788A}
		{7A3B2CB4-A6A7-462B-BE29-50BE6CA439BE} = {BDD04033-5ED7-4855-A637-983B41B5788A}
		{2385447A-ECE3-4D0F-82DE-74C42F06FDC2} = {BDD04033-5ED7-4855-A637-983B41B5788A}
		{1C23669C-A345-445D-97BD-E2C6EF787FF3} = {57FE240B-1D07-401C-9EDC-E986D643D736}
		{AE94C184-64E0-4197-BC81-3B1B0821AD93} = {57FE240B-1D07-401C-9EDC-E986D643D736}
	EndGlobalSection
EndGlobal
