<?xml version="1.0" encoding="utf-8"?>
<Project ToolsVersion="4.0" xmlns="http://schemas.microsoft.com/developer/msbuild/2003">
  <ItemGroup>
    <Filter Include="Source Files">
      <UniqueIdentifier>{4FC737F1-C7A5-4376-A066-2A32D752A2FF}</UniqueIdentifier>
      <Extensions>cpp;cxx;c;def</Extensions>
    </Filter>
    <Filter Include="Header Files">
      <UniqueIdentifier>{93995380-89BD-4b04-88EB-625FBE52EBFB}</UniqueIdentifier>
      <Extensions>h</Extensions>
    </Filter>
    <Filter Include="Form Files">
      <UniqueIdentifier>{99349809-55BA-4b9d-BF79-8FDBB0286EB3}</UniqueIdentifier>
      <Extensions>ui</Extensions>
    </Filter>
    <Filter Include="Resource Files">
      <UniqueIdentifier>{D9D6E242-F8AF-46E4-B9FD-80ECBC20BA3E}</UniqueIdentifier>
      <Extensions>qrc;*</Extensions>
      <ParseFiles>false</ParseFiles>
    </Filter>
    <Filter Include="Generated Files">
      <UniqueIdentifier>{71ED8ED8-ACB9-4CE9-BBE1-E00B30144E11}</UniqueIdentifier>
      <Extensions>moc;h;cpp</Extensions>
      <SourceControlFiles>False</SourceControlFiles>
    </Filter>
    <Filter Include="Generated Files\Debug">
      <UniqueIdentifier>{a4128429-a082-4c03-97fb-befde6a1f211}</UniqueIdentifier>
      <Extensions>cpp;moc</Extensions>
      <SourceControlFiles>False</SourceControlFiles>
    </Filter>
    <Filter Include="Generated Files\Release">
      <UniqueIdentifier>{e23a3bc7-7059-4aa4-ab77-3018d1122a4f}</UniqueIdentifier>
      <Extensions>cpp;moc</Extensions>
      <SourceControlFiles>False</SourceControlFiles>
    </Filter>
  </ItemGroup>
  <ItemGroup>
    <ClCompile Include="Qt_widget.cpp">
      <Filter>Source Files</Filter>
    </ClCompile>
    <ClCompile Include="GeneratedFiles\Debug\moc_Qt_widget.cpp">
      <Filter>Generated Files\Debug</Filter>
    </ClCompile>
    <ClCompile Include="GeneratedFiles\Release\moc_Qt_widget.cpp">
      <Filter>Generated Files\Release</Filter>
    </ClCompile>
    <ClCompile Include="Qt_widget_layer.cpp">
      <Filter>Source Files</Filter>
    </ClCompile>
    <ClCompile Include="GeneratedFiles\Debug\moc_Qt_widget_layer.cpp">
      <Filter>Generated Files\Debug</Filter>
    </ClCompile>
    <ClCompile Include="GeneratedFiles\Release\moc_Qt_widget_layer.cpp">
      <Filter>Generated Files\Release</Filter>
    </ClCompile>
    <ClCompile Include="Qt_gird_layer.cpp">
      <Filter>Source Files</Filter>
    </ClCompile>
    <ClCompile Include="Qt_geometry_layer.cpp">
      <Filter>Source Files</Filter>
    </ClCompile>
    <ClCompile Include="Qt_tools_layer.cpp">
      <Filter>Source Files</Filter>
    </ClCompile>
    <ClCompile Include="GeneratedFiles\Debug\moc_Qt_tools_layer.cpp">
      <Filter>Generated Files\Debug</Filter>
    </ClCompile>
    <ClCompile Include="GeneratedFiles\Release\moc_Qt_tools_layer.cpp">
      <Filter>Generated Files\Release</Filter>
    </ClCompile>
    <ClCompile Include="Qt_widget2.cpp">
      <Filter>Source Files</Filter>
    </ClCompile>
    <ClCompile Include="Qt_geometry_interaction_layer.cpp">
      <Filter>Source Files</Filter>
    </ClCompile>
  </ItemGroup>
  <ItemGroup>
    <ClInclude Include="Qt_gird_layer.h">
      <Filter>Header Files</Filter>
    </ClInclude>
    <ClInclude Include="Qt_widget_zoomrect.h">
      <Filter>Header Files</Filter>
    </ClInclude>
    <ClInclude Include="layerwidget_global.h">
      <Filter>Header Files</Filter>
    </ClInclude>
    <ClInclude Include="Qt_widget_handtool.h">
      <Filter>Header Files</Filter>
    </ClInclude>
    <ClInclude Include="Qt_geometry_layer.h">
      <Filter>Header Files</Filter>
    </ClInclude>
    <ClInclude Include="Qt_widget2.h">
      <Filter>Header Files</Filter>
    </ClInclude>
    <ClInclude Include="Qt_geometry_interaction_layer.h">
      <Filter>Header Files</Filter>
    </ClInclude>
  </ItemGroup>
  <ItemGroup>
    <CustomBuild Include="Qt_widget.h">
      <Filter>Header Files</Filter>
    </CustomBuild>
    <CustomBuild Include="Qt_widget_layer.h">
      <Filter>Header Files</Filter>
    </CustomBuild>
    <CustomBuild Include="Qt_tools_layer.h">
      <Filter>Header Files</Filter>
    </CustomBuild>
  </ItemGroup>
</Project>