
Microsoft Visual Studio Solution File, Format Version 11.00
# Visual Studio 2010
Project("{8BC9CEB8-8B4A-11D0-8D11-00A0C91BC942}") = "tt3", "tt3\tt3.vcxproj", "{9701773F-E4A6-4145-B64D-7742F4291F37}"
EndProject
Project("{8BC9CEB8-8B4A-11D0-8D11-00A0C91BC942}") = "cgal_warpper", "..\cgal_warpper\cgal_warpper.vcxproj", "{255966C0-EA76-48EF-B05C-2CAA4332BD84}"
EndProject
Project("{8BC9CEB8-8B4A-11D0-8D11-00A0C91BC942}") = "intersection", "..\intersection\intersection.vcxproj", "{AEA518FD-B662-4230-88EF-229F2C7450ED}"
EndProject
Project("{8BC9CEB8-8B4A-11D0-8D11-00A0C91BC942}") = "tt4", "..\tt4\tt4.vcxproj", "{02D5DCBA-FEFE-4BB0-9CC5-3BE769E00C58}"
EndProject
Project("{8BC9CEB8-8B4A-11D0-8D11-00A0C91BC942}") = "layerwidget", "..\layerwidget\layerwidget.vcxproj", "{F0A79E1F-6A71-445B-8678-ABD1CF3D0A0C}"
EndProject
Project("{8BC9CEB8-8B4A-11D0-8D11-00A0C91BC942}") = "baseset2", "..\baseset2\baseset2.vcxproj", "{57A2FF4B-DF04-4E93-A528-65FD2CF3FAC6}"
EndProject
Project("{8BC9CEB8-8B4A-11D0-8D11-00A0C91BC942}") = "test_baseset", "..\test_baseset\test_baseset.vcxproj", "{93A45E64-043E-428D-874D-E31AED41EAE0}"
EndProject
Project("{8BC9CEB8-8B4A-11D0-8D11-00A0C91BC942}") = "tinyxml", "..\tinyxml\tinyxml_lib.vcxproj", "{C406DAEC-0886-4771-8DEA-9D7329B46CC1}"
EndProject
Project("{8BC9CEB8-8B4A-11D0-8D11-00A0C91BC942}") = "demo_core", "..\demo_core\demo_core.vcxproj", "{EEFCFA0E-0645-4BD0-B45C-2D7769B77A33}"
EndProject
Project("{8BC9CEB8-8B4A-11D0-8D11-00A0C91BC942}") = "test_demo_core", "..\test_demo_core\test_demo_core.vcxproj", "{B832DD9A-C0E0-4860-B535-54E4CE7EA6C0}"
EndProject
Project("{8BC9CEB8-8B4A-11D0-8D11-00A0C91BC942}") = "test_demo_core2", "..\test_demo_core2\test_demo_core2.vcxproj", "{518E3C85-DF58-487A-925F-767BCC2A5D9E}"
EndProject
Project("{8BC9CEB8-8B4A-11D0-8D11-00A0C91BC942}") = "tt5", "..\tt5\tt5.vcxproj", "{C003886F-43E4-4B59-A5E3-2C2D3E64A037}"
EndProject
Project("{8BC9CEB8-8B4A-11D0-8D11-00A0C91BC942}") = "map2d", "..\map2d\map2d.vcxproj", "{E44874D4-4174-48BD-9EE6-50440A0536DD}"
EndProject
Project("{8BC9CEB8-8B4A-11D0-8D11-00A0C91BC942}") = "map3d", "..\map3d\map3d.vcxproj", "{71622C88-051E-44E6-96C2-1A932861ABDE}"
EndProject
Global
	GlobalSection(SolutionConfigurationPlatforms) = preSolution
		Debug|Win32 = Debug|Win32
		Release|Win32 = Release|Win32
	EndGlobalSection
	GlobalSection(ProjectConfigurationPlatforms) = postSolution
		{9701773F-E4A6-4145-B64D-7742F4291F37}.Debug|Win32.ActiveCfg = Debug|Win32
		{9701773F-E4A6-4145-B64D-7742F4291F37}.Debug|Win32.Build.0 = Debug|Win32
		{9701773F-E4A6-4145-B64D-7742F4291F37}.Release|Win32.ActiveCfg = Release|Win32
		{9701773F-E4A6-4145-B64D-7742F4291F37}.Release|Win32.Build.0 = Release|Win32
		{255966C0-EA76-48EF-B05C-2CAA4332BD84}.Debug|Win32.ActiveCfg = Debug|Win32
		{255966C0-EA76-48EF-B05C-2CAA4332BD84}.Debug|Win32.Build.0 = Debug|Win32
		{255966C0-EA76-48EF-B05C-2CAA4332BD84}.Release|Win32.ActiveCfg = Release|Win32
		{255966C0-EA76-48EF-B05C-2CAA4332BD84}.Release|Win32.Build.0 = Release|Win32
		{AEA518FD-B662-4230-88EF-229F2C7450ED}.Debug|Win32.ActiveCfg = Debug|Win32
		{AEA518FD-B662-4230-88EF-229F2C7450ED}.Debug|Win32.Build.0 = Debug|Win32
		{AEA518FD-B662-4230-88EF-229F2C7450ED}.Release|Win32.ActiveCfg = Release|Win32
		{AEA518FD-B662-4230-88EF-229F2C7450ED}.Release|Win32.Build.0 = Release|Win32
		{02D5DCBA-FEFE-4BB0-9CC5-3BE769E00C58}.Debug|Win32.ActiveCfg = Debug|Win32
		{02D5DCBA-FEFE-4BB0-9CC5-3BE769E00C58}.Debug|Win32.Build.0 = Debug|Win32
		{02D5DCBA-FEFE-4BB0-9CC5-3BE769E00C58}.Release|Win32.ActiveCfg = Release|Win32
		{02D5DCBA-FEFE-4BB0-9CC5-3BE769E00C58}.Release|Win32.Build.0 = Release|Win32
		{F0A79E1F-6A71-445B-8678-ABD1CF3D0A0C}.Debug|Win32.ActiveCfg = Debug|Win32
		{F0A79E1F-6A71-445B-8678-ABD1CF3D0A0C}.Debug|Win32.Build.0 = Debug|Win32
		{F0A79E1F-6A71-445B-8678-ABD1CF3D0A0C}.Release|Win32.ActiveCfg = Release|Win32
		{F0A79E1F-6A71-445B-8678-ABD1CF3D0A0C}.Release|Win32.Build.0 = Release|Win32
		{57A2FF4B-DF04-4E93-A528-65FD2CF3FAC6}.Debug|Win32.ActiveCfg = Debug|Win32
		{57A2FF4B-DF04-4E93-A528-65FD2CF3FAC6}.Debug|Win32.Build.0 = Debug|Win32
		{57A2FF4B-DF04-4E93-A528-65FD2CF3FAC6}.Release|Win32.ActiveCfg = Release|Win32
		{57A2FF4B-DF04-4E93-A528-65FD2CF3FAC6}.Release|Win32.Build.0 = Release|Win32
		{93A45E64-043E-428D-874D-E31AED41EAE0}.Debug|Win32.ActiveCfg = Debug|Win32
		{93A45E64-043E-428D-874D-E31AED41EAE0}.Debug|Win32.Build.0 = Debug|Win32
		{93A45E64-043E-428D-874D-E31AED41EAE0}.Release|Win32.ActiveCfg = Release|Win32
		{93A45E64-043E-428D-874D-E31AED41EAE0}.Release|Win32.Build.0 = Release|Win32
		{C406DAEC-0886-4771-8DEA-9D7329B46CC1}.Debug|Win32.ActiveCfg = Debug|Win32
		{C406DAEC-0886-4771-8DEA-9D7329B46CC1}.Debug|Win32.Build.0 = Debug|Win32
		{C406DAEC-0886-4771-8DEA-9D7329B46CC1}.Release|Win32.ActiveCfg = Release|Win32
		{C406DAEC-0886-4771-8DEA-9D7329B46CC1}.Release|Win32.Build.0 = Release|Win32
		{EEFCFA0E-0645-4BD0-B45C-2D7769B77A33}.Debug|Win32.ActiveCfg = Debug|Win32
		{EEFCFA0E-0645-4BD0-B45C-2D7769B77A33}.Debug|Win32.Build.0 = Debug|Win32
		{EEFCFA0E-0645-4BD0-B45C-2D7769B77A33}.Release|Win32.ActiveCfg = Release|Win32
		{EEFCFA0E-0645-4BD0-B45C-2D7769B77A33}.Release|Win32.Build.0 = Release|Win32
		{B832DD9A-C0E0-4860-B535-54E4CE7EA6C0}.Debug|Win32.ActiveCfg = Debug|Win32
		{B832DD9A-C0E0-4860-B535-54E4CE7EA6C0}.Debug|Win32.Build.0 = Debug|Win32
		{B832DD9A-C0E0-4860-B535-54E4CE7EA6C0}.Release|Win32.ActiveCfg = Release|Win32
		{B832DD9A-C0E0-4860-B535-54E4CE7EA6C0}.Release|Win32.Build.0 = Release|Win32
		{518E3C85-DF58-487A-925F-767BCC2A5D9E}.Debug|Win32.ActiveCfg = Debug|Win32
		{518E3C85-DF58-487A-925F-767BCC2A5D9E}.Debug|Win32.Build.0 = Debug|Win32
		{518E3C85-DF58-487A-925F-767BCC2A5D9E}.Release|Win32.ActiveCfg = Release|Win32
		{518E3C85-DF58-487A-925F-767BCC2A5D9E}.Release|Win32.Build.0 = Release|Win32
		{C003886F-43E4-4B59-A5E3-2C2D3E64A037}.Debug|Win32.ActiveCfg = Debug|Win32
		{C003886F-43E4-4B59-A5E3-2C2D3E64A037}.Debug|Win32.Build.0 = Debug|Win32
		{C003886F-43E4-4B59-A5E3-2C2D3E64A037}.Release|Win32.ActiveCfg = Release|Win32
		{C003886F-43E4-4B59-A5E3-2C2D3E64A037}.Release|Win32.Build.0 = Release|Win32
		{E44874D4-4174-48BD-9EE6-50440A0536DD}.Debug|Win32.ActiveCfg = Debug|Win32
		{E44874D4-4174-48BD-9EE6-50440A0536DD}.Debug|Win32.Build.0 = Debug|Win32
		{E44874D4-4174-48BD-9EE6-50440A0536DD}.Release|Win32.ActiveCfg = Release|Win32
		{E44874D4-4174-48BD-9EE6-50440A0536DD}.Release|Win32.Build.0 = Release|Win32
		{71622C88-051E-44E6-96C2-1A932861ABDE}.Debug|Win32.ActiveCfg = Debug|Win32
		{71622C88-051E-44E6-96C2-1A932861ABDE}.Debug|Win32.Build.0 = Debug|Win32
		{71622C88-051E-44E6-96C2-1A932861ABDE}.Release|Win32.ActiveCfg = Release|Win32
		{71622C88-051E-44E6-96C2-1A932861ABDE}.Release|Win32.Build.0 = Release|Win32
	EndGlobalSection
	GlobalSection(SolutionProperties) = preSolution
		HideSolutionNode = FALSE
	EndGlobalSection
EndGlobal
