
Microsoft Visual Studio Solution File, Format Version 11.00
# Visual Studio 2010
Project("{2150E333-8FDC-42A3-9474-1A3956D46DE8}") = "framecore", "framecore", "{60559F62-522C-410C-B3E6-4A1D25083324}"
EndProject
Project("{2150E333-8FDC-42A3-9474-1A3956D46DE8}") = "base", "base", "{04664C8F-D375-418E-9BA1-3D7CD91F53F2}"
EndProject
Project("{2150E333-8FDC-42A3-9474-1A3956D46DE8}") = "plugins", "plugins", "{1AE1E403-256F-43E1-BFA3-E8C3437B1425}"
EndProject
Project("{2150E333-8FDC-42A3-9474-1A3956D46DE8}") = "control", "control", "{6B45172D-2267-4469-9757-55D6BFBACD51}"
EndProject
Project("{8BC9CEB8-8B4A-11D0-8D11-00A0C91BC942}") = "intersection", "base\intersection\intersection.vcxproj", "{AEA518FD-B662-4230-88EF-229F2C7450ED}"
EndProject
Project("{8BC9CEB8-8B4A-11D0-8D11-00A0C91BC942}") = "layerwidget", "control\layerwidget\layerwidget.vcxproj", "{F0A79E1F-6A71-445B-8678-ABD1CF3D0A0C}"
EndProject
Project("{8BC9CEB8-8B4A-11D0-8D11-00A0C91BC942}") = "frameapp", "framecore\frameapp\frameapp.vcxproj", "{F679DBE1-E50E-4CC8-A2B5-697FB7E08E71}"
EndProject
Project("{8BC9CEB8-8B4A-11D0-8D11-00A0C91BC942}") = "framecore", "framecore\framecore\framecore.vcxproj", "{8EFB94E5-F96E-4BE3-B85F-CFD443D4C549}"
EndProject
Project("{8BC9CEB8-8B4A-11D0-8D11-00A0C91BC942}") = "framegui", "framecore\framegui\framegui.vcxproj", "{84524993-E8A9-4C9D-99C6-5D2065A98BBB}"
EndProject
Project("{8BC9CEB8-8B4A-11D0-8D11-00A0C91BC942}") = "frameutil", "framecore\frameutil\frameutil.vcxproj", "{42AD4092-BECB-476C-ABC2-36836F3D6D6C}"
EndProject
Project("{8BC9CEB8-8B4A-11D0-8D11-00A0C91BC942}") = "map2d", "plugins\map2d\map2d.vcxproj", "{E44874D4-4174-48BD-9EE6-50440A0536DD}"
EndProject
Project("{8BC9CEB8-8B4A-11D0-8D11-00A0C91BC942}") = "test_demo_core2", "plugins\test_demo_core2\test_demo_core2.vcxproj", "{518E3C85-DF58-487A-925F-767BCC2A5D9E}"
EndProject
Project("{8BC9CEB8-8B4A-11D0-8D11-00A0C91BC942}") = "vincenty", "base\vincenty\vincenty.vcxproj", "{4878D6CF-9DD9-4FC0-A869-9618E246A3E5}"
EndProject
Project("{8BC9CEB8-8B4A-11D0-8D11-00A0C91BC942}") = "baseset", "base\baseset\baseset.vcxproj", "{32600627-3409-4B94-B7FB-DE947C9C2D3D}"
EndProject
Global
	GlobalSection(SolutionConfigurationPlatforms) = preSolution
		Debug|Win32 = Debug|Win32
		Release|Win32 = Release|Win32
	EndGlobalSection
	GlobalSection(ProjectConfigurationPlatforms) = postSolution
		{AEA518FD-B662-4230-88EF-229F2C7450ED}.Debug|Win32.ActiveCfg = Debug|Win32
		{AEA518FD-B662-4230-88EF-229F2C7450ED}.Debug|Win32.Build.0 = Debug|Win32
		{AEA518FD-B662-4230-88EF-229F2C7450ED}.Release|Win32.ActiveCfg = Release|Win32
		{AEA518FD-B662-4230-88EF-229F2C7450ED}.Release|Win32.Build.0 = Release|Win32
		{F0A79E1F-6A71-445B-8678-ABD1CF3D0A0C}.Debug|Win32.ActiveCfg = Debug|Win32
		{F0A79E1F-6A71-445B-8678-ABD1CF3D0A0C}.Debug|Win32.Build.0 = Debug|Win32
		{F0A79E1F-6A71-445B-8678-ABD1CF3D0A0C}.Release|Win32.ActiveCfg = Release|Win32
		{F0A79E1F-6A71-445B-8678-ABD1CF3D0A0C}.Release|Win32.Build.0 = Release|Win32
		{F679DBE1-E50E-4CC8-A2B5-697FB7E08E71}.Debug|Win32.ActiveCfg = Debug|Win32
		{F679DBE1-E50E-4CC8-A2B5-697FB7E08E71}.Debug|Win32.Build.0 = Debug|Win32
		{F679DBE1-E50E-4CC8-A2B5-697FB7E08E71}.Release|Win32.ActiveCfg = Release|Win32
		{F679DBE1-E50E-4CC8-A2B5-697FB7E08E71}.Release|Win32.Build.0 = Release|Win32
		{8EFB94E5-F96E-4BE3-B85F-CFD443D4C549}.Debug|Win32.ActiveCfg = Debug|Win32
		{8EFB94E5-F96E-4BE3-B85F-CFD443D4C549}.Debug|Win32.Build.0 = Debug|Win32
		{8EFB94E5-F96E-4BE3-B85F-CFD443D4C549}.Release|Win32.ActiveCfg = Release|Win32
		{8EFB94E5-F96E-4BE3-B85F-CFD443D4C549}.Release|Win32.Build.0 = Release|Win32
		{84524993-E8A9-4C9D-99C6-5D2065A98BBB}.Debug|Win32.ActiveCfg = Debug|Win32
		{84524993-E8A9-4C9D-99C6-5D2065A98BBB}.Debug|Win32.Build.0 = Debug|Win32
		{84524993-E8A9-4C9D-99C6-5D2065A98BBB}.Release|Win32.ActiveCfg = Release|Win32
		{84524993-E8A9-4C9D-99C6-5D2065A98BBB}.Release|Win32.Build.0 = Release|Win32
		{42AD4092-BECB-476C-ABC2-36836F3D6D6C}.Debug|Win32.ActiveCfg = Debug|Win32
		{42AD4092-BECB-476C-ABC2-36836F3D6D6C}.Debug|Win32.Build.0 = Debug|Win32
		{42AD4092-BECB-476C-ABC2-36836F3D6D6C}.Release|Win32.ActiveCfg = Release|Win32
		{42AD4092-BECB-476C-ABC2-36836F3D6D6C}.Release|Win32.Build.0 = Release|Win32
		{E44874D4-4174-48BD-9EE6-50440A0536DD}.Debug|Win32.ActiveCfg = Debug|Win32
		{E44874D4-4174-48BD-9EE6-50440A0536DD}.Debug|Win32.Build.0 = Debug|Win32
		{E44874D4-4174-48BD-9EE6-50440A0536DD}.Release|Win32.ActiveCfg = Release|Win32
		{E44874D4-4174-48BD-9EE6-50440A0536DD}.Release|Win32.Build.0 = Release|Win32
		{518E3C85-DF58-487A-925F-767BCC2A5D9E}.Debug|Win32.ActiveCfg = Debug|Win32
		{518E3C85-DF58-487A-925F-767BCC2A5D9E}.Debug|Win32.Build.0 = Debug|Win32
		{518E3C85-DF58-487A-925F-767BCC2A5D9E}.Release|Win32.ActiveCfg = Release|Win32
		{518E3C85-DF58-487A-925F-767BCC2A5D9E}.Release|Win32.Build.0 = Release|Win32
		{4878D6CF-9DD9-4FC0-A869-9618E246A3E5}.Debug|Win32.ActiveCfg = Debug|Win32
		{4878D6CF-9DD9-4FC0-A869-9618E246A3E5}.Debug|Win32.Build.0 = Debug|Win32
		{4878D6CF-9DD9-4FC0-A869-9618E246A3E5}.Release|Win32.ActiveCfg = Release|Win32
		{4878D6CF-9DD9-4FC0-A869-9618E246A3E5}.Release|Win32.Build.0 = Release|Win32
		{32600627-3409-4B94-B7FB-DE947C9C2D3D}.Debug|Win32.ActiveCfg = Debug|Win32
		{32600627-3409-4B94-B7FB-DE947C9C2D3D}.Debug|Win32.Build.0 = Debug|Win32
		{32600627-3409-4B94-B7FB-DE947C9C2D3D}.Release|Win32.ActiveCfg = Release|Win32
		{32600627-3409-4B94-B7FB-DE947C9C2D3D}.Release|Win32.Build.0 = Release|Win32
	EndGlobalSection
	GlobalSection(SolutionProperties) = preSolution
		HideSolutionNode = FALSE
	EndGlobalSection
	GlobalSection(NestedProjects) = preSolution
		{F679DBE1-E50E-4CC8-A2B5-697FB7E08E71} = {60559F62-522C-410C-B3E6-4A1D25083324}
		{8EFB94E5-F96E-4BE3-B85F-CFD443D4C549} = {60559F62-522C-410C-B3E6-4A1D25083324}
		{84524993-E8A9-4C9D-99C6-5D2065A98BBB} = {60559F62-522C-410C-B3E6-4A1D25083324}
		{42AD4092-BECB-476C-ABC2-36836F3D6D6C} = {60559F62-522C-410C-B3E6-4A1D25083324}
		{AEA518FD-B662-4230-88EF-229F2C7450ED} = {04664C8F-D375-418E-9BA1-3D7CD91F53F2}
		{4878D6CF-9DD9-4FC0-A869-9618E246A3E5} = {04664C8F-D375-418E-9BA1-3D7CD91F53F2}
		{32600627-3409-4B94-B7FB-DE947C9C2D3D} = {04664C8F-D375-418E-9BA1-3D7CD91F53F2}
		{E44874D4-4174-48BD-9EE6-50440A0536DD} = {1AE1E403-256F-43E1-BFA3-E8C3437B1425}
		{518E3C85-DF58-487A-925F-767BCC2A5D9E} = {1AE1E403-256F-43E1-BFA3-E8C3437B1425}
		{F0A79E1F-6A71-445B-8678-ABD1CF3D0A0C} = {6B45172D-2267-4469-9757-55D6BFBACD51}
	EndGlobalSection
EndGlobal
